
Microsoft Visual Studio Solution File, Format Version 12.00
# Visual Studio 15
Project("{FAE04EC0-301F-11D3-BF4B-00C04F79EFBC}") = "SupportMediaXF", "SupportMediaXF\SupportMediaXF.csproj", "{AECB1BCA-35DD-47C4-976A-730F1162EE73}"
EndProject
Project("{FAE04EC0-301F-11D3-BF4B-00C04F79EFBC}") = "SupportMediaXF.Droid", "SupportMediaXF.Droid\SupportMediaXF.Droid.csproj", "{5B00A724-C0C5-4B7B-8B56-2FB06B6762BA}"
EndProject
Project("{2150E333-8FDC-42A3-9474-1A3956D46DE8}") = "DemoAPP", "DemoAPP", "{3C5FCF08-E035-4A68-97CD-384E36CCBB8A}"
EndProject
Project("{FAE04EC0-301F-11D3-BF4B-00C04F79EFBC}") = "SupportMediaXFDemo.Android", "SupportMediaXFDemo.Android\SupportMediaXFDemo.Android.csproj", "{4C1E50F8-36D6-4435-B270-CBB7AF05139C}"
EndProject
Project("{FAE04EC0-301F-11D3-BF4B-00C04F79EFBC}") = "SupportMediaXFDemo.iOS", "SupportMediaXFDemo.iOS\SupportMediaXFDemo.iOS.csproj", "{67C931B4-39AF-457A-A122-301F6C58AAAC}"
EndProject
Project("{FAE04EC0-301F-11D3-BF4B-00C04F79EFBC}") = "SupportMediaXFDemo", "SupportMediaXFDemo\SupportMediaXFDemo.csproj", "{30922B0A-D1DA-455E-B04C-D60916C91A1A}"
EndProject
Project("{FAE04EC0-301F-11D3-BF4B-00C04F79EFBC}") = "SupportMediaXF.iOS", "SupportMediaXF.iOS\SupportMediaXF.iOS.csproj", "{8BD8F633-0D69-4AC0-B681-F2E5099981FE}"
EndProject
Project("{5DD5E4FA-CB73-4610-85AB-557B54E96AA9}") = "SupportMediaXF.NUGET", "SupportMediaXF.NUGET\SupportMediaXF.NUGET.nuproj", "{7449CB80-A275-4161-9412-4FC619590518}"
EndProject
Global
	GlobalSection(SolutionConfigurationPlatforms) = preSolution
		Debug|Any CPU = Debug|Any CPU
		Release|Any CPU = Release|Any CPU
		Debug|iPhoneSimulator = Debug|iPhoneSimulator
		Release|iPhoneSimulator = Release|iPhoneSimulator
		Debug|iPhone = Debug|iPhone
		Release|iPhone = Release|iPhone
		Ad-Hoc|iPhone = Ad-Hoc|iPhone
		AppStore|iPhone = AppStore|iPhone
	EndGlobalSection
	GlobalSection(ProjectConfigurationPlatforms) = postSolution
		{AECB1BCA-35DD-47C4-976A-730F1162EE73}.Debug|Any CPU.ActiveCfg = Debug|Any CPU
		{AECB1BCA-35DD-47C4-976A-730F1162EE73}.Debug|Any CPU.Build.0 = Debug|Any CPU
		{AECB1BCA-35DD-47C4-976A-730F1162EE73}.Release|Any CPU.ActiveCfg = Release|Any CPU
		{AECB1BCA-35DD-47C4-976A-730F1162EE73}.Release|Any CPU.Build.0 = Release|Any CPU
		{AECB1BCA-35DD-47C4-976A-730F1162EE73}.Debug|iPhoneSimulator.ActiveCfg = Debug|Any CPU
		{AECB1BCA-35DD-47C4-976A-730F1162EE73}.Debug|iPhoneSimulator.Build.0 = Debug|Any CPU
		{AECB1BCA-35DD-47C4-976A-730F1162EE73}.Release|iPhoneSimulator.ActiveCfg = Release|Any CPU
		{AECB1BCA-35DD-47C4-976A-730F1162EE73}.Release|iPhoneSimulator.Build.0 = Release|Any CPU
		{AECB1BCA-35DD-47C4-976A-730F1162EE73}.Debug|iPhone.ActiveCfg = Debug|Any CPU
		{AECB1BCA-35DD-47C4-976A-730F1162EE73}.Debug|iPhone.Build.0 = Debug|Any CPU
		{AECB1BCA-35DD-47C4-976A-730F1162EE73}.Release|iPhone.ActiveCfg = Release|Any CPU
		{AECB1BCA-35DD-47C4-976A-730F1162EE73}.Release|iPhone.Build.0 = Release|Any CPU
		{AECB1BCA-35DD-47C4-976A-730F1162EE73}.Ad-Hoc|iPhone.ActiveCfg = Debug|Any CPU
		{AECB1BCA-35DD-47C4-976A-730F1162EE73}.Ad-Hoc|iPhone.Build.0 = Debug|Any CPU
		{AECB1BCA-35DD-47C4-976A-730F1162EE73}.AppStore|iPhone.ActiveCfg = Debug|Any CPU
		{AECB1BCA-35DD-47C4-976A-730F1162EE73}.AppStore|iPhone.Build.0 = Debug|Any CPU
		{5B00A724-C0C5-4B7B-8B56-2FB06B6762BA}.Debug|Any CPU.ActiveCfg = Debug|Any CPU
		{5B00A724-C0C5-4B7B-8B56-2FB06B6762BA}.Debug|Any CPU.Build.0 = Debug|Any CPU
		{5B00A724-C0C5-4B7B-8B56-2FB06B6762BA}.Release|Any CPU.ActiveCfg = Release|Any CPU
		{5B00A724-C0C5-4B7B-8B56-2FB06B6762BA}.Release|Any CPU.Build.0 = Release|Any CPU
		{5B00A724-C0C5-4B7B-8B56-2FB06B6762BA}.Debug|iPhoneSimulator.ActiveCfg = Debug|Any CPU
		{5B00A724-C0C5-4B7B-8B56-2FB06B6762BA}.Debug|iPhoneSimulator.Build.0 = Debug|Any CPU
		{5B00A724-C0C5-4B7B-8B56-2FB06B6762BA}.Release|iPhoneSimulator.ActiveCfg = Release|Any CPU
		{5B00A724-C0C5-4B7B-8B56-2FB06B6762BA}.Release|iPhoneSimulator.Build.0 = Release|Any CPU
		{5B00A724-C0C5-4B7B-8B56-2FB06B6762BA}.Debug|iPhone.ActiveCfg = Debug|Any CPU
		{5B00A724-C0C5-4B7B-8B56-2FB06B6762BA}.Debug|iPhone.Build.0 = Debug|Any CPU
		{5B00A724-C0C5-4B7B-8B56-2FB06B6762BA}.Release|iPhone.ActiveCfg = Release|Any CPU
		{5B00A724-C0C5-4B7B-8B56-2FB06B6762BA}.Release|iPhone.Build.0 = Release|Any CPU
		{5B00A724-C0C5-4B7B-8B56-2FB06B6762BA}.Ad-Hoc|iPhone.ActiveCfg = Debug|Any CPU
		{5B00A724-C0C5-4B7B-8B56-2FB06B6762BA}.Ad-Hoc|iPhone.Build.0 = Debug|Any CPU
		{5B00A724-C0C5-4B7B-8B56-2FB06B6762BA}.AppStore|iPhone.ActiveCfg = Debug|Any CPU
		{5B00A724-C0C5-4B7B-8B56-2FB06B6762BA}.AppStore|iPhone.Build.0 = Debug|Any CPU
		{4C1E50F8-36D6-4435-B270-CBB7AF05139C}.Debug|Any CPU.ActiveCfg = Debug|Any CPU
		{4C1E50F8-36D6-4435-B270-CBB7AF05139C}.Debug|Any CPU.Build.0 = Debug|Any CPU
		{4C1E50F8-36D6-4435-B270-CBB7AF05139C}.Release|Any CPU.ActiveCfg = Release|Any CPU
		{4C1E50F8-36D6-4435-B270-CBB7AF05139C}.Release|Any CPU.Build.0 = Release|Any CPU
		{4C1E50F8-36D6-4435-B270-CBB7AF05139C}.Debug|iPhoneSimulator.ActiveCfg = Debug|Any CPU
		{4C1E50F8-36D6-4435-B270-CBB7AF05139C}.Debug|iPhoneSimulator.Build.0 = Debug|Any CPU
		{4C1E50F8-36D6-4435-B270-CBB7AF05139C}.Release|iPhoneSimulator.ActiveCfg = Release|Any CPU
		{4C1E50F8-36D6-4435-B270-CBB7AF05139C}.Release|iPhoneSimulator.Build.0 = Release|Any CPU
		{4C1E50F8-36D6-4435-B270-CBB7AF05139C}.Debug|iPhone.ActiveCfg = Debug|Any CPU
		{4C1E50F8-36D6-4435-B270-CBB7AF05139C}.Debug|iPhone.Build.0 = Debug|Any CPU
		{4C1E50F8-36D6-4435-B270-CBB7AF05139C}.Release|iPhone.ActiveCfg = Release|Any CPU
		{4C1E50F8-36D6-4435-B270-CBB7AF05139C}.Release|iPhone.Build.0 = Release|Any CPU
		{4C1E50F8-36D6-4435-B270-CBB7AF05139C}.Ad-Hoc|iPhone.ActiveCfg = Debug|Any CPU
		{4C1E50F8-36D6-4435-B270-CBB7AF05139C}.Ad-Hoc|iPhone.Build.0 = Debug|Any CPU
		{4C1E50F8-36D6-4435-B270-CBB7AF05139C}.AppStore|iPhone.ActiveCfg = Debug|Any CPU
		{4C1E50F8-36D6-4435-B270-CBB7AF05139C}.AppStore|iPhone.Build.0 = Debug|Any CPU
		{67C931B4-39AF-457A-A122-301F6C58AAAC}.Debug|Any CPU.ActiveCfg = Debug|iPhoneSimulator
		{67C931B4-39AF-457A-A122-301F6C58AAAC}.Debug|Any CPU.Build.0 = Debug|iPhoneSimulator
		{67C931B4-39AF-457A-A122-301F6C58AAAC}.Release|Any CPU.ActiveCfg = Release|iPhoneSimulator
		{67C931B4-39AF-457A-A122-301F6C58AAAC}.Release|Any CPU.Build.0 = Release|iPhoneSimulator
		{67C931B4-39AF-457A-A122-301F6C58AAAC}.Debug|iPhoneSimulator.ActiveCfg = Debug|iPhoneSimulator
		{67C931B4-39AF-457A-A122-301F6C58AAAC}.Debug|iPhoneSimulator.Build.0 = Debug|iPhoneSimulator
		{67C931B4-39AF-457A-A122-301F6C58AAAC}.Release|iPhoneSimulator.ActiveCfg = Release|iPhoneSimulator
		{67C931B4-39AF-457A-A122-301F6C58AAAC}.Release|iPhoneSimulator.Build.0 = Release|iPhoneSimulator
		{67C931B4-39AF-457A-A122-301F6C58AAAC}.Debug|iPhone.ActiveCfg = Debug|iPhone
		{67C931B4-39AF-457A-A122-301F6C58AAAC}.Debug|iPhone.Build.0 = Debug|iPhone
		{67C931B4-39AF-457A-A122-301F6C58AAAC}.Release|iPhone.ActiveCfg = Release|iPhone
		{67C931B4-39AF-457A-A122-301F6C58AAAC}.Release|iPhone.Build.0 = Release|iPhone
		{67C931B4-39AF-457A-A122-301F6C58AAAC}.Ad-Hoc|iPhone.ActiveCfg = Ad-Hoc|iPhone
		{67C931B4-39AF-457A-A122-301F6C58AAAC}.Ad-Hoc|iPhone.Build.0 = Ad-Hoc|iPhone
		{67C931B4-39AF-457A-A122-301F6C58AAAC}.AppStore|iPhone.ActiveCfg = AppStore|iPhone
		{67C931B4-39AF-457A-A122-301F6C58AAAC}.AppStore|iPhone.Build.0 = AppStore|iPhone
		{30922B0A-D1DA-455E-B04C-D60916C91A1A}.Debug|Any CPU.ActiveCfg = Debug|Any CPU
		{30922B0A-D1DA-455E-B04C-D60916C91A1A}.Debug|Any CPU.Build.0 = Debug|Any CPU
		{30922B0A-D1DA-455E-B04C-D60916C91A1A}.Release|Any CPU.ActiveCfg = Release|Any CPU
		{30922B0A-D1DA-455E-B04C-D60916C91A1A}.Release|Any CPU.Build.0 = Release|Any CPU
		{30922B0A-D1DA-455E-B04C-D60916C91A1A}.Debug|iPhoneSimulator.ActiveCfg = Debug|Any CPU
		{30922B0A-D1DA-455E-B04C-D60916C91A1A}.Debug|iPhoneSimulator.Build.0 = Debug|Any CPU
		{30922B0A-D1DA-455E-B04C-D60916C91A1A}.Release|iPhoneSimulator.ActiveCfg = Release|Any CPU
		{30922B0A-D1DA-455E-B04C-D60916C91A1A}.Release|iPhoneSimulator.Build.0 = Release|Any CPU
		{30922B0A-D1DA-455E-B04C-D60916C91A1A}.Debug|iPhone.ActiveCfg = Debug|Any CPU
		{30922B0A-D1DA-455E-B04C-D60916C91A1A}.Debug|iPhone.Build.0 = Debug|Any CPU
		{30922B0A-D1DA-455E-B04C-D60916C91A1A}.Release|iPhone.ActiveCfg = Release|Any CPU
		{30922B0A-D1DA-455E-B04C-D60916C91A1A}.Release|iPhone.Build.0 = Release|Any CPU
		{30922B0A-D1DA-455E-B04C-D60916C91A1A}.Ad-Hoc|iPhone.ActiveCfg = Debug|Any CPU
		{30922B0A-D1DA-455E-B04C-D60916C91A1A}.Ad-Hoc|iPhone.Build.0 = Debug|Any CPU
		{30922B0A-D1DA-455E-B04C-D60916C91A1A}.AppStore|iPhone.ActiveCfg = Debug|Any CPU
		{30922B0A-D1DA-455E-B04C-D60916C91A1A}.AppStore|iPhone.Build.0 = Debug|Any CPU
		{8BD8F633-0D69-4AC0-B681-F2E5099981FE}.Debug|Any CPU.ActiveCfg = Debug|Any CPU
		{8BD8F633-0D69-4AC0-B681-F2E5099981FE}.Debug|Any CPU.Build.0 = Debug|Any CPU
		{8BD8F633-0D69-4AC0-B681-F2E5099981FE}.Release|Any CPU.ActiveCfg = Release|Any CPU
		{8BD8F633-0D69-4AC0-B681-F2E5099981FE}.Release|Any CPU.Build.0 = Release|Any CPU
		{8BD8F633-0D69-4AC0-B681-F2E5099981FE}.Debug|iPhoneSimulator.ActiveCfg = Debug|Any CPU
		{8BD8F633-0D69-4AC0-B681-F2E5099981FE}.Debug|iPhoneSimulator.Build.0 = Debug|Any CPU
		{8BD8F633-0D69-4AC0-B681-F2E5099981FE}.Release|iPhoneSimulator.ActiveCfg = Release|Any CPU
		{8BD8F633-0D69-4AC0-B681-F2E5099981FE}.Release|iPhoneSimulator.Build.0 = Release|Any CPU
		{8BD8F633-0D69-4AC0-B681-F2E5099981FE}.Debug|iPhone.ActiveCfg = Debug|Any CPU
		{8BD8F633-0D69-4AC0-B681-F2E5099981FE}.Debug|iPhone.Build.0 = Debug|Any CPU
		{8BD8F633-0D69-4AC0-B681-F2E5099981FE}.Release|iPhone.ActiveCfg = Release|Any CPU
		{8BD8F633-0D69-4AC0-B681-F2E5099981FE}.Release|iPhone.Build.0 = Release|Any CPU
		{8BD8F633-0D69-4AC0-B681-F2E5099981FE}.Ad-Hoc|iPhone.ActiveCfg = Debug|Any CPU
		{8BD8F633-0D69-4AC0-B681-F2E5099981FE}.Ad-Hoc|iPhone.Build.0 = Debug|Any CPU
		{8BD8F633-0D69-4AC0-B681-F2E5099981FE}.AppStore|iPhone.ActiveCfg = Debug|Any CPU
		{8BD8F633-0D69-4AC0-B681-F2E5099981FE}.AppStore|iPhone.Build.0 = Debug|Any CPU
		{7449CB80-A275-4161-9412-4FC619590518}.Debug|Any CPU.ActiveCfg = Debug|Any CPU
		{7449CB80-A275-4161-9412-4FC619590518}.Debug|Any CPU.Build.0 = Debug|Any CPU
		{7449CB80-A275-4161-9412-4FC619590518}.Release|Any CPU.ActiveCfg = Release|Any CPU
		{7449CB80-A275-4161-9412-4FC619590518}.Release|Any CPU.Build.0 = Release|Any CPU
		{7449CB80-A275-4161-9412-4FC619590518}.Debug|iPhoneSimulator.ActiveCfg = Debug|Any CPU
		{7449CB80-A275-4161-9412-4FC619590518}.Debug|iPhoneSimulator.Build.0 = Debug|Any CPU
		{7449CB80-A275-4161-9412-4FC619590518}.Release|iPhoneSimulator.ActiveCfg = Release|Any CPU
		{7449CB80-A275-4161-9412-4FC619590518}.Release|iPhoneSimulator.Build.0 = Release|Any CPU
		{7449CB80-A275-4161-9412-4FC619590518}.Debug|iPhone.ActiveCfg = Debug|Any CPU
		{7449CB80-A275-4161-9412-4FC619590518}.Debug|iPhone.Build.0 = Debug|Any CPU
		{7449CB80-A275-4161-9412-4FC619590518}.Release|iPhone.ActiveCfg = Release|Any CPU
		{7449CB80-A275-4161-9412-4FC619590518}.Release|iPhone.Build.0 = Release|Any CPU
		{7449CB80-A275-4161-9412-4FC619590518}.Ad-Hoc|iPhone.ActiveCfg = Debug|Any CPU
		{7449CB80-A275-4161-9412-4FC619590518}.Ad-Hoc|iPhone.Build.0 = Debug|Any CPU
		{7449CB80-A275-4161-9412-4FC619590518}.AppStore|iPhone.ActiveCfg = Debug|Any CPU
		{7449CB80-A275-4161-9412-4FC619590518}.AppStore|iPhone.Build.0 = Debug|Any CPU
	EndGlobalSection
	GlobalSection(NestedProjects) = preSolution
		{4C1E50F8-36D6-4435-B270-CBB7AF05139C} = {3C5FCF08-E035-4A68-97CD-384E36CCBB8A}
		{67C931B4-39AF-457A-A122-301F6C58AAAC} = {3C5FCF08-E035-4A68-97CD-384E36CCBB8A}
		{30922B0A-D1DA-455E-B04C-D60916C91A1A} = {3C5FCF08-E035-4A68-97CD-384E36CCBB8A}
	EndGlobalSection
EndGlobal
